
Microsoft Visual Studio Solution File, Format Version 12.00
# Visual Studio Version 16
VisualStudioVersion = 16.0.31702.278
MinimumVisualStudioVersion = 10.0.40219.1
Project("{FAE04EC0-301F-11D3-BF4B-00C04F79EFBC}") = "Imagen", "Imagen\Imagen.csproj", "{E261BC92-B981-4109-B2A7-31DA4339E06B}"
EndProject
Global
	GlobalSection(SolutionConfigurationPlatforms) = preSolution
		Debug|Any CPU = Debug|Any CPU
		Release|Any CPU = Release|Any CPU
	EndGlobalSection
	GlobalSection(ProjectConfigurationPlatforms) = postSolution
		{E261BC92-B981-4109-B2A7-31DA4339E06B}.Debug|Any CPU.ActiveCfg = Debug|Any CPU
		{E261BC92-B981-4109-B2A7-31DA4339E06B}.Debug|Any CPU.Build.0 = Debug|Any CPU
		{E261BC92-B981-4109-B2A7-31DA4339E06B}.Release|Any CPU.ActiveCfg = Release|Any CPU
		{E261BC92-B981-4109-B2A7-31DA4339E06B}.Release|Any CPU.Build.0 = Release|Any CPU
	EndGlobalSection
	GlobalSection(SolutionProperties) = preSolution
		HideSolutionNode = FALSE
	EndGlobalSection
	GlobalSection(ExtensibilityGlobals) = postSolution
		SolutionGuid = {2B684862-D4DD-44F2-852A-5B606E5D7266}
	EndGlobalSection
EndGlobal
